PODS:
  - KIF (3.7.1):
    - KIF/Core (= 3.7.1)
  - KIF/Core (3.7.1)
  - Nimble (7.0.3)
  - Quick (1.2.0)

DEPENDENCIES:
  - KIF
  - Nimble
  - Quick

SPEC CHECKSUMS:
  KIF: af73f6a04539bd205622c2e5ce5f910cc2123d4b
  Nimble: 7f5a9c447a33002645a071bddafbfb24ea70e0ac
  Quick: 58d203b1c5e27fff7229c4c1ae445ad7069a7a08

PODFILE CHECKSUM: b9dbe887e0de62699783fd14fdaf1e6a668bb80b

COCOAPODS: 1.4.0
