// !$*UTF8*$!
{
	archiveVersion = 1;
	classes = {
	};
	objectVersion = 50;
	objects = {

/* Begin PBXBuildFile section */
		F584248620CDBD09009B2ACA /* AppDelegate.swift in Sources */ = {isa = PBXBuildFile; fileRef = F584248520CDBD09009B2ACA /* AppDelegate.swift */; };
		F584248D20CDBD0A009B2ACA /* Assets.xcassets in Resources */ = {isa = PBXBuildFile; fileRef = F584248C20CDBD0A009B2ACA /* Assets.xcassets */; };
		F5AA6A832102FD08009C9327 /* Beer+TestHelper.swift in Sources */ = {isa = PBXBuildFile; fileRef = F5AA6A822102FD08009C9327 /* Beer+TestHelper.swift */; };
		F53BB70820D49EC700FE5E19 /* Beer.swift in Sources */ = {isa = PBXBuildFile; fileRef = F53BB70720D49EC700FE5E19 /* Beer.swift */; };
		F5200E5620FEF13900139D44 /* BeerDetails.storyboard in Resources */ = {isa = PBXBuildFile; fileRef = F5200E5520FEF13900139D44 /* BeerDetails.storyboard */; };
		F5200E5C21004AC500139D44 /* BeerDetailsInteractor.swift in Sources */ = {isa = PBXBuildFile; fileRef = F5200E5B21004AC500139D44 /* BeerDetailsInteractor.swift */; };
		F5E604C0210122C500E5C917 /* BeerDetailsPresenter.swift in Sources */ = {isa = PBXBuildFile; fileRef = F5E604BF210122C500E5C917 /* BeerDetailsPresenter.swift */; };
		F5200E5820FEF14B00139D44 /* BeerDetailsViewController.swift in Sources */ = {isa = PBXBuildFile; fileRef = F5200E5720FEF14B00139D44 /* BeerDetailsViewController.swift */; };
		F5A6B82520D43742000BCE51 /* BeerList.storyboard in Resources */ = {isa = PBXBuildFile; fileRef = F5A6B82420D43742000BCE51 /* BeerList.storyboard */; };
		F5A6B82A20D456AE000BCE51 /* BeerListInteractor.swift in Sources */ = {isa = PBXBuildFile; fileRef = F5A6B82920D456AE000BCE51 /* BeerListInteractor.swift */; };
		F565834520E34060003E1E03 /* BeerListInteractorSpec.swift in Sources */ = {isa = PBXBuildFile; fileRef = F565834420E34060003E1E03 /* BeerListInteractorSpec.swift */; };
		F5DFC7A920F465E400645D9F /* BeerListPresenter.swift in Sources */ = {isa = PBXBuildFile; fileRef = F5DFC7A820F465E400645D9F /* BeerListPresenter.swift */; };
		F5DFC7AB20F469B800645D9F /* BeerListPresenterSpec.swift in Sources */ = {isa = PBXBuildFile; fileRef = F5DFC7AA20F469B800645D9F /* BeerListPresenterSpec.swift */; };
		F562AB3720FAA3CD00F6569C /* BeerListTableViewCell.swift in Sources */ = {isa = PBXBuildFile; fileRef = F562AB3620FAA3CD00F6569C /* BeerListTableViewCell.swift */; };
		F562AB3520FAA3A900F6569C /* BeerListTableViewCell.xib in Resources */ = {isa = PBXBuildFile; fileRef = F562AB3420FAA3A900F6569C /* BeerListTableViewCell.xib */; };
		F572D49E20FC593900F871A2 /* BeerListTableViewCellSpec.swift in Sources */ = {isa = PBXBuildFile; fileRef = F572D49D20FC593900F871A2 /* BeerListTableViewCellSpec.swift */; };
		F5A6B82820D43766000BCE51 /* BeerListViewController.swift in Sources */ = {isa = PBXBuildFile; fileRef = F5A6B82720D43766000BCE51 /* BeerListViewController.swift */; };
		F57E76E020DB4B3F008C210B /* BeerListViewControllerSpec.swift in Sources */ = {isa = PBXBuildFile; fileRef = F57E76DF20DB4B3F008C210B /* BeerListViewControllerSpec.swift */; };
		F5AAAC6120D45F4500E78228 /* BeerService.swift in Sources */ = {isa = PBXBuildFile; fileRef = F5AAAC6020D45F4500E78228 /* BeerService.swift */; };
		F565834A20E34298003E1E03 /* BeerServiceSpec.swift in Sources */ = {isa = PBXBuildFile; fileRef = F565834920E34298003E1E03 /* BeerServiceSpec.swift */; };
		F5D6B5FB20E5E2AB00868818 /* BeerSpec.swift in Sources */ = {isa = PBXBuildFile; fileRef = F5D6B5FA20E5E2AB00868818 /* BeerSpec.swift */; };
		F5D6B5FE20E5E31300868818 /* GetBeersFixture.json in Resources */ = {isa = PBXBuildFile; fileRef = F5D6B5FD20E5E31300868818 /* GetBeersFixture.json */; };
		F584249020CDBD0A009B2ACA /* LaunchScreen.storyboard in Resources */ = {isa = PBXBuildFile; fileRef = F584248E20CDBD0A009B2ACA /* LaunchScreen.storyboard */; };
		F584248B20CDBD09009B2ACA /* Main.storyboard in Resources */ = {isa = PBXBuildFile; fileRef = F584248920CDBD09009B2ACA /* Main.storyboard */; };
		F5FA6C7220D8BCBC00A87ACF /* MainAssembly.swift in Sources */ = {isa = PBXBuildFile; fileRef = F5FA6C7120D8BCBC00A87ACF /* MainAssembly.swift */; };
		F57E76E920DB53CE008C210B /* MainAssemblySpec.swift in Sources */ = {isa = PBXBuildFile; fileRef = F57E76E720DB53AA008C210B /* MainAssemblySpec.swift */; };
		F565834120E33E96003E1E03 /* MockBeerListInteractor.swift in Sources */ = {isa = PBXBuildFile; fileRef = F565834020E33E96003E1E03 /* MockBeerListInteractor.swift */; };
		F5DFC7AD20F46DAA00645D9F /* MockBeerListPresenter.swift in Sources */ = {isa = PBXBuildFile; fileRef = F5DFC7AC20F46DAA00645D9F /* MockBeerListPresenter.swift */; };
		F565834320E33FF3003E1E03 /* MockBeerListViewController.swift in Sources */ = {isa = PBXBuildFile; fileRef = F565834220E33FF3003E1E03 /* MockBeerListViewController.swift */; };
		F565834720E340D4003E1E03 /* MockBeerService.swift in Sources */ = {isa = PBXBuildFile; fileRef = F565834620E340D4003E1E03 /* MockBeerService.swift */; };
		D2AB0C3CB057D513241E5875 /* Pods_BeerFacts.framework in Frameworks */ = {isa = PBXBuildFile; fileRef = 30D85726574C27D95F70583A /* Pods_BeerFacts.framework */; };
		4193A8E31DDB6F76523D5F42 /* Pods_BeerFactsTests.framework in Frameworks */ = {isa = PBXBuildFile; fileRef = F4104C89EF893ECBBB7C390C /* Pods_BeerFactsTests.framework */; };
		F5200E5A2100430600139D44 /* SegueRouter.swift in Sources */ = {isa = PBXBuildFile; fileRef = F5200E592100430600139D44 /* SegueRouter.swift */; };
		F57E76E420DB5055008C210B /* TestAppDelegate.swift in Sources */ = {isa = PBXBuildFile; fileRef = F57E76E320DB5055008C210B /* TestAppDelegate.swift */; };
		F50E1D2F20CF7CF000850983 /* TestConfiguration.swift in Sources */ = {isa = PBXBuildFile; fileRef = F50E1D2E20CF7CF000850983 /* TestConfiguration.swift */; };
		F5979D0220FD801D00D7612B /* TestView.swift in Sources */ = {isa = PBXBuildFile; fileRef = F5979D0120FD801D00D7612B /* TestView.swift */; };
		F50E1D2D20CF7A8300850983 /* XCTestCase+KIF.swift in Sources */ = {isa = PBXBuildFile; fileRef = F50E1D2C20CF7A8300850983 /* XCTestCase+KIF.swift */; };
		F57E76E220DB4F98008C210B /* main.swift in Sources */ = {isa = PBXBuildFile; fileRef = F57E76E120DB4F98008C210B /* main.swift */; };
/* End PBXBuildFile section */

/* Begin PBXContainerItemProxy section */
		F584249720CDBD0A009B2ACA /* PBXContainerItemProxy */ = {
			isa = PBXContainerItemProxy;
			containerPortal = F584247A20CDBD09009B2ACA /* Project object */;
			proxyType = 1;
			remoteGlobalIDString = F584248120CDBD09009B2ACA;
			remoteInfo = BeerFacts;
		};
/* End PBXContainerItemProxy section */

/* Begin PBXFileReference section */
		F584248520CDBD09009B2ACA /* AppDelegate.swift */ = {isa = PBXFileReference; lastKnownFileType = sourcecode.swift; path = AppDelegate.swift; sourceTree = "<group>"; };
		F584248C20CDBD0A009B2ACA /* Assets.xcassets */ = {isa = PBXFileReference; lastKnownFileType = folder.assetcatalog; path = Assets.xcassets; sourceTree = "<group>"; };
		F584248A20CDBD09009B2ACA /* Base */ = {isa = PBXFileReference; lastKnownFileType = file.storyboard; name = Base; path = Base.lproj/Main.storyboard; sourceTree = "<group>"; };
		F584248F20CDBD0A009B2ACA /* Base */ = {isa = PBXFileReference; lastKnownFileType = file.storyboard; name = Base; path = Base.lproj/LaunchScreen.storyboard; sourceTree = "<group>"; };
		F5AA6A822102FD08009C9327 /* Beer+TestHelper.swift */ = {isa = PBXFileReference; lastKnownFileType = sourcecode.swift; path = "Beer+TestHelper.swift"; sourceTree = "<group>"; };
		F53BB70720D49EC700FE5E19 /* Beer.swift */ = {isa = PBXFileReference; lastKnownFileType = sourcecode.swift; path = Beer.swift; sourceTree = "<group>"; };
		F5200E5520FEF13900139D44 /* BeerDetails.storyboard */ = {isa = PBXFileReference; lastKnownFileType = file.storyboard; path = BeerDetails.storyboard; sourceTree = "<group>"; };
		F5200E5B21004AC500139D44 /* BeerDetailsInteractor.swift */ = {isa = PBXFileReference; lastKnownFileType = sourcecode.swift; path = BeerDetailsInteractor.swift; sourceTree = "<group>"; };
		F5E604BF210122C500E5C917 /* BeerDetailsPresenter.swift */ = {isa = PBXFileReference; lastKnownFileType = sourcecode.swift; path = BeerDetailsPresenter.swift; sourceTree = "<group>"; };
		F5200E5720FEF14B00139D44 /* BeerDetailsViewController.swift */ = {isa = PBXFileReference; lastKnownFileType = sourcecode.swift; path = BeerDetailsViewController.swift; sourceTree = "<group>"; };
		F584248220CDBD09009B2ACA /* BeerFacts.app */ = {isa = PBXFileReference; explicitFileType = wrapper.application; includeInIndex = 0; path = BeerFacts.app; sourceTree = BUILT_PRODUCTS_DIR; };
		F584249620CDBD0A009B2ACA /* BeerFactsTests.xctest */ = {isa = PBXFileReference; explicitFileType = wrapper.cfbundle; includeInIndex = 0; path = BeerFactsTests.xctest; sourceTree = BUILT_PRODUCTS_DIR; };
		F5A6B82420D43742000BCE51 /* BeerList.storyboard */ = {isa = PBXFileReference; lastKnownFileType = file.storyboard; path = BeerList.storyboard; sourceTree = "<group>"; };
		F5A6B82920D456AE000BCE51 /* BeerListInteractor.swift */ = {isa = PBXFileReference; lastKnownFileType = sourcecode.swift; path = BeerListInteractor.swift; sourceTree = "<group>"; };
		F565834420E34060003E1E03 /* BeerListInteractorSpec.swift */ = {isa = PBXFileReference; lastKnownFileType = sourcecode.swift; path = BeerListInteractorSpec.swift; sourceTree = "<group>"; };
		F5DFC7A820F465E400645D9F /* BeerListPresenter.swift */ = {isa = PBXFileReference; lastKnownFileType = sourcecode.swift; path = BeerListPresenter.swift; sourceTree = "<group>"; };
		F5DFC7AA20F469B800645D9F /* BeerListPresenterSpec.swift */ = {isa = PBXFileReference; lastKnownFileType = sourcecode.swift; path = BeerListPresenterSpec.swift; sourceTree = "<group>"; };
		F562AB3620FAA3CD00F6569C /* BeerListTableViewCell.swift */ = {isa = PBXFileReference; lastKnownFileType = sourcecode.swift; path = BeerListTableViewCell.swift; sourceTree = "<group>"; };
		F562AB3420FAA3A900F6569C /* BeerListTableViewCell.xib */ = {isa = PBXFileReference; lastKnownFileType = file.xib; path = BeerListTableViewCell.xib; sourceTree = "<group>"; };
		F572D49D20FC593900F871A2 /* BeerListTableViewCellSpec.swift */ = {isa = PBXFileReference; lastKnownFileType = sourcecode.swift; path = BeerListTableViewCellSpec.swift; sourceTree = "<group>"; };
		F5A6B82720D43766000BCE51 /* BeerListViewController.swift */ = {isa = PBXFileReference; lastKnownFileType = sourcecode.swift; path = BeerListViewController.swift; sourceTree = "<group>"; };
		F57E76DF20DB4B3F008C210B /* BeerListViewControllerSpec.swift */ = {isa = PBXFileReference; lastKnownFileType = sourcecode.swift; path = BeerListViewControllerSpec.swift; sourceTree = "<group>"; };
		F5AAAC6020D45F4500E78228 /* BeerService.swift */ = {isa = PBXFileReference; lastKnownFileType = sourcecode.swift; path = BeerService.swift; sourceTree = "<group>"; };
		F565834920E34298003E1E03 /* BeerServiceSpec.swift */ = {isa = PBXFileReference; lastKnownFileType = sourcecode.swift; path = BeerServiceSpec.swift; sourceTree = "<group>"; };
		F5D6B5FA20E5E2AB00868818 /* BeerSpec.swift */ = {isa = PBXFileReference; lastKnownFileType = sourcecode.swift; path = BeerSpec.swift; sourceTree = "<group>"; };
		F5D6B5FD20E5E31300868818 /* GetBeersFixture.json */ = {isa = PBXFileReference; lastKnownFileType = text.json; path = GetBeersFixture.json; sourceTree = "<group>"; };
		F584249120CDBD0A009B2ACA /* Info.plist */ = {isa = PBXFileReference; lastKnownFileType = text.plist.xml; path = Info.plist; sourceTree = "<group>"; };
		F584249C20CDBD0A009B2ACA /* Info.plist */ = {isa = PBXFileReference; lastKnownFileType = text.plist.xml; path = Info.plist; sourceTree = "<group>"; };
		F5FA6C7120D8BCBC00A87ACF /* MainAssembly.swift */ = {isa = PBXFileReference; lastKnownFileType = sourcecode.swift; path = MainAssembly.swift; sourceTree = "<group>"; };
		F57E76E720DB53AA008C210B /* MainAssemblySpec.swift */ = {isa = PBXFileReference; lastKnownFileType = sourcecode.swift; path = MainAssemblySpec.swift; sourceTree = "<group>"; };
		F565834020E33E96003E1E03 /* MockBeerListInteractor.swift */ = {isa = PBXFileReference; lastKnownFileType = sourcecode.swift; path = MockBeerListInteractor.swift; sourceTree = "<group>"; };
		F5DFC7AC20F46DAA00645D9F /* MockBeerListPresenter.swift */ = {isa = PBXFileReference; lastKnownFileType = sourcecode.swift; path = MockBeerListPresenter.swift; sourceTree = "<group>"; };
		F565834220E33FF3003E1E03 /* MockBeerListViewController.swift */ = {isa = PBXFileReference; lastKnownFileType = sourcecode.swift; path = MockBeerListViewController.swift; sourceTree = "<group>"; };
		F565834620E340D4003E1E03 /* MockBeerService.swift */ = {isa = PBXFileReference; lastKnownFileType = sourcecode.swift; path = MockBeerService.swift; sourceTree = "<group>"; };
		214F3CEA1DF7EFF309281A30 /* Pods-BeerFacts.debug.xcconfig */ = {isa = PBXFileReference; includeInIndex = 1; lastKnownFileType = text.xcconfig; name = "Pods-BeerFacts.debug.xcconfig"; path = "Pods/Target Support Files/Pods-BeerFacts/Pods-BeerFacts.debug.xcconfig"; sourceTree = "<group>"; };
		6B26469BB7376675FBF358CE /* Pods-BeerFacts.release.xcconfig */ = {isa = PBXFileReference; includeInIndex = 1; lastKnownFileType = text.xcconfig; name = "Pods-BeerFacts.release.xcconfig"; path = "Pods/Target Support Files/Pods-BeerFacts/Pods-BeerFacts.release.xcconfig"; sourceTree = "<group>"; };
		60BCBE659795ACD05003126C /* Pods-BeerFactsTests.debug.xcconfig */ = {isa = PBXFileReference; includeInIndex = 1; lastKnownFileType = text.xcconfig; name = "Pods-BeerFactsTests.debug.xcconfig"; path = "Pods/Target Support Files/Pods-BeerFactsTests/Pods-BeerFactsTests.debug.xcconfig"; sourceTree = "<group>"; };
		BADA88F5562519FA3CD5DA59 /* Pods-BeerFactsTests.release.xcconfig */ = {isa = PBXFileReference; includeInIndex = 1; lastKnownFileType = text.xcconfig; name = "Pods-BeerFactsTests.release.xcconfig"; path = "Pods/Target Support Files/Pods-BeerFactsTests/Pods-BeerFactsTests.release.xcconfig"; sourceTree = "<group>"; };
		30D85726574C27D95F70583A /* Pods_BeerFacts.framework */ = {isa = PBXFileReference; explicitFileType = wrapper.framework; includeInIndex = 0; path = Pods_BeerFacts.framework; sourceTree = BUILT_PRODUCTS_DIR; };
		F4104C89EF893ECBBB7C390C /* Pods_BeerFactsTests.framework */ = {isa = PBXFileReference; explicitFileType = wrapper.framework; includeInIndex = 0; path = Pods_BeerFactsTests.framework; sourceTree = BUILT_PRODUCTS_DIR; };
		F5200E592100430600139D44 /* SegueRouter.swift */ = {isa = PBXFileReference; lastKnownFileType = sourcecode.swift; path = SegueRouter.swift; sourceTree = "<group>"; };
		F57E76E320DB5055008C210B /* TestAppDelegate.swift */ = {isa = PBXFileReference; lastKnownFileType = sourcecode.swift; path = TestAppDelegate.swift; sourceTree = "<group>"; };
		F50E1D2E20CF7CF000850983 /* TestConfiguration.swift */ = {isa = PBXFileReference; lastKnownFileType = sourcecode.swift; path = TestConfiguration.swift; sourceTree = "<group>"; };
		F5979D0120FD801D00D7612B /* TestView.swift */ = {isa = PBXFileReference; lastKnownFileType = sourcecode.swift; path = TestView.swift; sourceTree = "<group>"; };
		F50E1D2C20CF7A8300850983 /* XCTestCase+KIF.swift */ = {isa = PBXFileReference; lastKnownFileType = sourcecode.swift; path = "XCTestCase+KIF.swift"; sourceTree = "<group>"; };
		F57E76E120DB4F98008C210B /* main.swift */ = {isa = PBXFileReference; lastKnownFileType = sourcecode.swift; path = main.swift; sourceTree = "<group>"; };
/* End PBXFileReference section */

/* Begin PBXFrameworksBuildPhase section */
		F584247F20CDBD09009B2ACA /* Frameworks */ = {
			isa = PBXFrameworksBuildPhase;
			buildActionMask = 2147483647;
			files = (
				D2AB0C3CB057D513241E5875 /* Pods_BeerFacts.framework in Frameworks */,
			);
			runOnlyForDeploymentPostprocessing = 0;
		};
		F584249320CDBD0A009B2ACA /* Frameworks */ = {
			isa = PBXFrameworksBuildPhase;
			buildActionMask = 2147483647;
			files = (
				4193A8E31DDB6F76523D5F42 /* Pods_BeerFactsTests.framework in Frameworks */,
			);
			runOnlyForDeploymentPostprocessing = 0;
		};
/* End PBXFrameworksBuildPhase section */

/* Begin PBXGroup section */
		AFAB4391A7306985E5DCE861 /* Pods */ = {
			isa = PBXGroup;
			children = (
				214F3CEA1DF7EFF309281A30 /* Pods-BeerFacts.debug.xcconfig */,
				6B26469BB7376675FBF358CE /* Pods-BeerFacts.release.xcconfig */,
				60BCBE659795ACD05003126C /* Pods-BeerFactsTests.debug.xcconfig */,
				BADA88F5562519FA3CD5DA59 /* Pods-BeerFactsTests.release.xcconfig */,
			);
			name = Pods;
			sourceTree = "<group>";
		};
		C4D29C2ADC64E07239D6B847 /* Frameworks */ = {
			isa = PBXGroup;
			children = (
				30D85726574C27D95F70583A /* Pods_BeerFacts.framework */,
				F4104C89EF893ECBBB7C390C /* Pods_BeerFactsTests.framework */,
			);
			name = Frameworks;
			sourceTree = "<group>";
		};
		F5200E5420FEEF2600139D44 /* BeerDetails */ = {
			isa = PBXGroup;
			children = (
				F5200E5520FEF13900139D44 /* BeerDetails.storyboard */,
				F5200E5B21004AC500139D44 /* BeerDetailsInteractor.swift */,
				F5E604BF210122C500E5C917 /* BeerDetailsPresenter.swift */,
				F5200E5720FEF14B00139D44 /* BeerDetailsViewController.swift */,
			);
			path = BeerDetails;
			sourceTree = "<group>";
		};
		F565833F20E33D64003E1E03 /* Mock */ = {
			isa = PBXGroup;
			children = (
				F565834020E33E96003E1E03 /* MockBeerListInteractor.swift */,
				F5DFC7AC20F46DAA00645D9F /* MockBeerListPresenter.swift */,
				F565834220E33FF3003E1E03 /* MockBeerListViewController.swift */,
				F565834620E340D4003E1E03 /* MockBeerService.swift */,
			);
			path = Mock;
			sourceTree = "<group>";
		};
		F565834820E34283003E1E03 /* Test */ = {
			isa = PBXGroup;
			children = (
				F565834920E34298003E1E03 /* BeerServiceSpec.swift */,
				F5D6B5FA20E5E2AB00868818 /* BeerSpec.swift */,
			);
			path = Test;
			sourceTree = "<group>";
		};
		F57E76DE20DB4B1F008C210B /* Test */ = {
			isa = PBXGroup;
			children = (
				F565834420E34060003E1E03 /* BeerListInteractorSpec.swift */,
				F5DFC7AA20F469B800645D9F /* BeerListPresenterSpec.swift */,
				F572D49D20FC593900F871A2 /* BeerListTableViewCellSpec.swift */,
				F57E76DF20DB4B3F008C210B /* BeerListViewControllerSpec.swift */,
			);
			path = Test;
			sourceTree = "<group>";
		};
		F57E76E520DB537D008C210B /* Assembly */ = {
			isa = PBXGroup;
			children = (
				F57E76E620DB5395008C210B /* Test */,
				F5FA6C7120D8BCBC00A87ACF /* MainAssembly.swift */,
			);
			path = Assembly;
			sourceTree = "<group>";
		};
		F57E76E620DB5395008C210B /* Test */ = {
			isa = PBXGroup;
			children = (
				F57E76E720DB53AA008C210B /* MainAssemblySpec.swift */,
			);
			path = Test;
			sourceTree = "<group>";
		};
		F584247920CDBD09009B2ACA = {
			isa = PBXGroup;
			children = (
				F584248420CDBD09009B2ACA /* BeerFacts */,
				F584249920CDBD0A009B2ACA /* BeerFactsTests */,
				C4D29C2ADC64E07239D6B847 /* Frameworks */,
				AFAB4391A7306985E5DCE861 /* Pods */,
				F584248320CDBD09009B2ACA /* Products */,
			);
			sourceTree = "<group>";
		};
		F584248320CDBD09009B2ACA /* Products */ = {
			isa = PBXGroup;
			children = (
				F584248220CDBD09009B2ACA /* BeerFacts.app */,
				F584249620CDBD0A009B2ACA /* BeerFactsTests.xctest */,
			);
			name = Products;
			sourceTree = "<group>";
		};
		F584248420CDBD09009B2ACA /* BeerFacts */ = {
			isa = PBXGroup;
			children = (
				F57E76E520DB537D008C210B /* Assembly */,
				F5200E5420FEEF2600139D44 /* BeerDetails */,
				F5A6B82620D4374A000BCE51 /* BeerList */,
				F5A6B82B20D457A9000BCE51 /* Resources */,
				F5AAAC5F20D45F3000E78228 /* Services */,
				F584248520CDBD09009B2ACA /* AppDelegate.swift */,
				F584249120CDBD0A009B2ACA /* Info.plist */,
				F584248920CDBD09009B2ACA /* Main.storyboard */,
				F5200E592100430600139D44 /* SegueRouter.swift */,
				F57E76E320DB5055008C210B /* TestAppDelegate.swift */,
				F57E76E120DB4F98008C210B /* main.swift */,
			);
			path = BeerFacts;
			sourceTree = "<group>";
		};
		F584249920CDBD0A009B2ACA /* BeerFactsTests */ = {
			isa = PBXGroup;
			children = (
				F5D6B5FC20E5E2D600868818 /* Fixture */,
				F565833F20E33D64003E1E03 /* Mock */,
				F5AA6A812102FCEF009C9327 /* TestHelper */,
				F584249C20CDBD0A009B2ACA /* Info.plist */,
				F50E1D2E20CF7CF000850983 /* TestConfiguration.swift */,
				F5979D0120FD801D00D7612B /* TestView.swift */,
				F50E1D2C20CF7A8300850983 /* XCTestCase+KIF.swift */,
			);
			path = BeerFactsTests;
			sourceTree = "<group>";
		};
		F5A6B82620D4374A000BCE51 /* BeerList */ = {
			isa = PBXGroup;
			children = (
				F57E76DE20DB4B1F008C210B /* Test */,
				F5A6B82420D43742000BCE51 /* BeerList.storyboard */,
				F5A6B82920D456AE000BCE51 /* BeerListInteractor.swift */,
				F5DFC7A820F465E400645D9F /* BeerListPresenter.swift */,
				F562AB3620FAA3CD00F6569C /* BeerListTableViewCell.swift */,
				F562AB3420FAA3A900F6569C /* BeerListTableViewCell.xib */,
				F5A6B82720D43766000BCE51 /* BeerListViewController.swift */,
			);
			path = BeerList;
			sourceTree = "<group>";
		};
		F5A6B82B20D457A9000BCE51 /* Resources */ = {
			isa = PBXGroup;
			children = (
				F584248C20CDBD0A009B2ACA /* Assets.xcassets */,
				F584248E20CDBD0A009B2ACA /* LaunchScreen.storyboard */,
			);
			path = Resources;
			sourceTree = "<group>";
		};
		F5AA6A812102FCEF009C9327 /* TestHelper */ = {
			isa = PBXGroup;
			children = (
				F5AA6A822102FD08009C9327 /* Beer+TestHelper.swift */,
			);
			path = TestHelper;
			sourceTree = "<group>";
		};
		F5AAAC5F20D45F3000E78228 /* Services */ = {
			isa = PBXGroup;
			children = (
				F565834820E34283003E1E03 /* Test */,
				F53BB70720D49EC700FE5E19 /* Beer.swift */,
				F5AAAC6020D45F4500E78228 /* BeerService.swift */,
			);
			path = Services;
			sourceTree = "<group>";
		};
		F5D6B5FC20E5E2D600868818 /* Fixture */ = {
			isa = PBXGroup;
			children = (
				F5D6B5FD20E5E31300868818 /* GetBeersFixture.json */,
			);
			path = Fixture;
			sourceTree = "<group>";
		};
/* End PBXGroup section */

/* Begin PBXNativeTarget section */
		F584248120CDBD09009B2ACA /* BeerFacts */ = {
			isa = PBXNativeTarget;
			buildConfigurationList = F584249F20CDBD0A009B2ACA /* Build configuration list for PBXNativeTarget "BeerFacts" */;
			buildPhases = (
				600002000DEEBA2169583904 /* [CP] Check Pods Manifest.lock */,
				F584247E20CDBD09009B2ACA /* Sources */,
				F584247F20CDBD09009B2ACA /* Frameworks */,
				F584248020CDBD09009B2ACA /* Resources */,
				4D0DF1CE45B6BB7D6B0D2110 /* [CP] Embed Pods Frameworks */,
			);
			buildRules = (
			);
			dependencies = (
			);
			name = BeerFacts;
			productName = BeerFacts;
			productReference = F584248220CDBD09009B2ACA /* BeerFacts.app */;
			productType = "com.apple.product-type.application";
		};
		F584249520CDBD0A009B2ACA /* BeerFactsTests */ = {
			isa = PBXNativeTarget;
			buildConfigurationList = F58424A220CDBD0A009B2ACA /* Build configuration list for PBXNativeTarget "BeerFactsTests" */;
			buildPhases = (
				A8B772F10B0A9800A1C97ADC /* [CP] Check Pods Manifest.lock */,
				F584249220CDBD0A009B2ACA /* Sources */,
				F584249320CDBD0A009B2ACA /* Frameworks */,
				F584249420CDBD0A009B2ACA /* Resources */,
				BA1F5058E61B8F3DEAF72BF0 /* [CP] Embed Pods Frameworks */,
			);
			buildRules = (
			);
			dependencies = (
				F584249820CDBD0A009B2ACA /* PBXTargetDependency */,
			);
			name = BeerFactsTests;
			productName = BeerFactsTests;
			productReference = F584249620CDBD0A009B2ACA /* BeerFactsTests.xctest */;
			productType = "com.apple.product-type.bundle.unit-test";
		};
/* End PBXNativeTarget section */

/* Begin PBXProject section */
		F584247A20CDBD09009B2ACA /* Project object */ = {
			isa = PBXProject;
			attributes = {
				LastSwiftUpdateCheck = 0940;
				LastUpgradeCheck = 0940;
				ORGANIZATIONNAME = "Jesse Johnston";
				TargetAttributes = {
					F584248120CDBD09009B2ACA = {
						CreatedOnToolsVersion = 9.4;
					};
					F584249520CDBD0A009B2ACA = {
						CreatedOnToolsVersion = 9.4;
						TestTargetID = F584248120CDBD09009B2ACA;
					};
				};
			};
			buildConfigurationList = F584247D20CDBD09009B2ACA /* Build configuration list for PBXProject "BeerFacts" */;
			compatibilityVersion = "Xcode 9.3";
			developmentRegion = en;
			hasScannedForEncodings = 0;
			knownRegions = (
				en,
				Base,
			);
			mainGroup = F584247920CDBD09009B2ACA;
			productRefGroup = F584248320CDBD09009B2ACA /* Products */;
			projectDirPath = "";
			projectRoot = "";
			targets = (
				F584248120CDBD09009B2ACA /* BeerFacts */,
				F584249520CDBD0A009B2ACA /* BeerFactsTests */,
			);
		};
/* End PBXProject section */

/* Begin PBXResourcesBuildPhase section */
		F584248020CDBD09009B2ACA /* Resources */ = {
			isa = PBXResourcesBuildPhase;
			buildActionMask = 2147483647;
			files = (
				F584248D20CDBD0A009B2ACA /* Assets.xcassets in Resources */,
				F5200E5620FEF13900139D44 /* BeerDetails.storyboard in Resources */,
				F5A6B82520D43742000BCE51 /* BeerList.storyboard in Resources */,
				F562AB3520FAA3A900F6569C /* BeerListTableViewCell.xib in Resources */,
				F584249020CDBD0A009B2ACA /* LaunchScreen.storyboard in Resources */,
				F584248B20CDBD09009B2ACA /* Main.storyboard in Resources */,
			);
			runOnlyForDeploymentPostprocessing = 0;
		};
		F584249420CDBD0A009B2ACA /* Resources */ = {
			isa = PBXResourcesBuildPhase;
			buildActionMask = 2147483647;
			files = (
				F5D6B5FE20E5E31300868818 /* GetBeersFixture.json in Resources */,
			);
			runOnlyForDeploymentPostprocessing = 0;
		};
/* End PBXResourcesBuildPhase section */

/* Begin PBXShellScriptBuildPhase section */
		4D0DF1CE45B6BB7D6B0D2110 /* [CP] Embed Pods Frameworks */ = {
			isa = PBXShellScriptBuildPhase;
			buildActionMask = 2147483647;
			files = (
			);
			inputPaths = (
				"${SRCROOT}/Pods/Target Support Files/Pods-BeerFacts/Pods-BeerFacts-frameworks.sh",
				"${BUILT_PRODUCTS_DIR}/Alamofire/Alamofire.framework",
				"${BUILT_PRODUCTS_DIR}/BrightFutures/BrightFutures.framework",
				"${BUILT_PRODUCTS_DIR}/Kingfisher/Kingfisher.framework",
				"${BUILT_PRODUCTS_DIR}/Result/Result.framework",
				"${BUILT_PRODUCTS_DIR}/Swinject/Swinject.framework",
				"${BUILT_PRODUCTS_DIR}/SwinjectStoryboard/SwinjectStoryboard.framework",
			);
			name = "[CP] Embed Pods Frameworks";
			outputPaths = (
				"${TARGET_BUILD_DIR}/${FRAMEWORKS_FOLDER_PATH}/Alamofire.framework",
				"${TARGET_BUILD_DIR}/${FRAMEWORKS_FOLDER_PATH}/BrightFutures.framework",
				"${TARGET_BUILD_DIR}/${FRAMEWORKS_FOLDER_PATH}/Kingfisher.framework",
				"${TARGET_BUILD_DIR}/${FRAMEWORKS_FOLDER_PATH}/Result.framework",
				"${TARGET_BUILD_DIR}/${FRAMEWORKS_FOLDER_PATH}/Swinject.framework",
				"${TARGET_BUILD_DIR}/${FRAMEWORKS_FOLDER_PATH}/SwinjectStoryboard.framework",
			);
			runOnlyForDeploymentPostprocessing = 0;
			shellPath = /bin/sh;
			shellScript = "\"${SRCROOT}/Pods/Target Support Files/Pods-BeerFacts/Pods-BeerFacts-frameworks.sh\"\n";
			showEnvVarsInLog = 0;
		};
		600002000DEEBA2169583904 /* [CP] Check Pods Manifest.lock */ = {
			isa = PBXShellScriptBuildPhase;
			buildActionMask = 2147483647;
			files = (
			);
			inputPaths = (
				"${PODS_PODFILE_DIR_PATH}/Podfile.lock",
				"${PODS_ROOT}/Manifest.lock",
			);
			name = "[CP] Check Pods Manifest.lock";
			outputPaths = (
				"$(DERIVED_FILE_DIR)/Pods-BeerFacts-checkManifestLockResult.txt",
			);
			runOnlyForDeploymentPostprocessing = 0;
			shellPath = /bin/sh;
			shellScript = "diff \"${PODS_PODFILE_DIR_PATH}/Podfile.lock\" \"${PODS_ROOT}/Manifest.lock\" > /dev/null\nif [ $? != 0 ] ; then\n    # print error to STDERR\n    echo \"error: The sandbox is not in sync with the Podfile.lock. Run 'pod install' or update your CocoaPods installation.\" >&2\n    exit 1\nfi\n# This output is used by Xcode 'outputs' to avoid re-running this script phase.\necho \"SUCCESS\" > \"${SCRIPT_OUTPUT_FILE_0}\"\n";
			showEnvVarsInLog = 0;
		};
		A8B772F10B0A9800A1C97ADC /* [CP] Check Pods Manifest.lock */ = {
			isa = PBXShellScriptBuildPhase;
			buildActionMask = 2147483647;
			files = (
			);
			inputPaths = (
				"${PODS_PODFILE_DIR_PATH}/Podfile.lock",
				"${PODS_ROOT}/Manifest.lock",
			);
			name = "[CP] Check Pods Manifest.lock";
			outputPaths = (
				"$(DERIVED_FILE_DIR)/Pods-BeerFactsTests-checkManifestLockResult.txt",
			);
			runOnlyForDeploymentPostprocessing = 0;
			shellPath = /bin/sh;
			shellScript = "diff \"${PODS_PODFILE_DIR_PATH}/Podfile.lock\" \"${PODS_ROOT}/Manifest.lock\" > /dev/null\nif [ $? != 0 ] ; then\n    # print error to STDERR\n    echo \"error: The sandbox is not in sync with the Podfile.lock. Run 'pod install' or update your CocoaPods installation.\" >&2\n    exit 1\nfi\n# This output is used by Xcode 'outputs' to avoid re-running this script phase.\necho \"SUCCESS\" > \"${SCRIPT_OUTPUT_FILE_0}\"\n";
			showEnvVarsInLog = 0;
		};
		BA1F5058E61B8F3DEAF72BF0 /* [CP] Embed Pods Frameworks */ = {
			isa = PBXShellScriptBuildPhase;
			buildActionMask = 2147483647;
			files = (
			);
			inputPaths = (
				"${SRCROOT}/Pods/Target Support Files/Pods-BeerFactsTests/Pods-BeerFactsTests-frameworks.sh",
				"${BUILT_PRODUCTS_DIR}/KIF/KIF.framework",
				"${BUILT_PRODUCTS_DIR}/Nimble/Nimble.framework",
				"${BUILT_PRODUCTS_DIR}/Quick/Quick.framework",
			);
			name = "[CP] Embed Pods Frameworks";
			outputPaths = (
				"${TARGET_BUILD_DIR}/${FRAMEWORKS_FOLDER_PATH}/KIF.framework",
				"${TARGET_BUILD_DIR}/${FRAMEWORKS_FOLDER_PATH}/Nimble.framework",
				"${TARGET_BUILD_DIR}/${FRAMEWORKS_FOLDER_PATH}/Quick.framework",
			);
			runOnlyForDeploymentPostprocessing = 0;
			shellPath = /bin/sh;
			shellScript = "\"${SRCROOT}/Pods/Target Support Files/Pods-BeerFactsTests/Pods-BeerFactsTests-frameworks.sh\"\n";
			showEnvVarsInLog = 0;
		};
/* End PBXShellScriptBuildPhase section */

/* Begin PBXSourcesBuildPhase section */
		F584247E20CDBD09009B2ACA /* Sources */ = {
			isa = PBXSourcesBuildPhase;
			buildActionMask = 2147483647;
			files = (
				F584248620CDBD09009B2ACA /* AppDelegate.swift in Sources */,
				F53BB70820D49EC700FE5E19 /* Beer.swift in Sources */,
				F5200E5C21004AC500139D44 /* BeerDetailsInteractor.swift in Sources */,
				F5E604C0210122C500E5C917 /* BeerDetailsPresenter.swift in Sources */,
				F5200E5820FEF14B00139D44 /* BeerDetailsViewController.swift in Sources */,
				F5A6B82A20D456AE000BCE51 /* BeerListInteractor.swift in Sources */,
				F5DFC7A920F465E400645D9F /* BeerListPresenter.swift in Sources */,
				F562AB3720FAA3CD00F6569C /* BeerListTableViewCell.swift in Sources */,
				F5A6B82820D43766000BCE51 /* BeerListViewController.swift in Sources */,
				F5AAAC6120D45F4500E78228 /* BeerService.swift in Sources */,
				F5FA6C7220D8BCBC00A87ACF /* MainAssembly.swift in Sources */,
				F5200E5A2100430600139D44 /* SegueRouter.swift in Sources */,
				F57E76E420DB5055008C210B /* TestAppDelegate.swift in Sources */,
				F57E76E220DB4F98008C210B /* main.swift in Sources */,
			);
			runOnlyForDeploymentPostprocessing = 0;
		};
		F584249220CDBD0A009B2ACA /* Sources */ = {
			isa = PBXSourcesBuildPhase;
			buildActionMask = 2147483647;
			files = (
				F5AA6A832102FD08009C9327 /* Beer+TestHelper.swift in Sources */,
				F565834520E34060003E1E03 /* BeerListInteractorSpec.swift in Sources */,
				F5DFC7AB20F469B800645D9F /* BeerListPresenterSpec.swift in Sources */,
				F572D49E20FC593900F871A2 /* BeerListTableViewCellSpec.swift in Sources */,
				F57E76E020DB4B3F008C210B /* BeerListViewControllerSpec.swift in Sources */,
				F565834A20E34298003E1E03 /* BeerServiceSpec.swift in Sources */,
				F5D6B5FB20E5E2AB00868818 /* BeerSpec.swift in Sources */,
				F57E76E920DB53CE008C210B /* MainAssemblySpec.swift in Sources */,
				F565834120E33E96003E1E03 /* MockBeerListInteractor.swift in Sources */,
				F5DFC7AD20F46DAA00645D9F /* MockBeerListPresenter.swift in Sources */,
				F565834320E33FF3003E1E03 /* MockBeerListViewController.swift in Sources */,
				F565834720E340D4003E1E03 /* MockBeerService.swift in Sources */,
				F50E1D2F20CF7CF000850983 /* TestConfiguration.swift in Sources */,
				F5979D0220FD801D00D7612B /* TestView.swift in Sources */,
				F50E1D2D20CF7A8300850983 /* XCTestCase+KIF.swift in Sources */,
			);
			runOnlyForDeploymentPostprocessing = 0;
		};
/* End PBXSourcesBuildPhase section */

/* Begin PBXTargetDependency section */
		F584249820CDBD0A009B2ACA /* PBXTargetDependency */ = {
			isa = PBXTargetDependency;
			target = F584248120CDBD09009B2ACA /* BeerFacts */;
			targetProxy = F584249720CDBD0A009B2ACA /* PBXContainerItemProxy */;
		};
/* End PBXTargetDependency section */

/* Begin PBXVariantGroup section */
		F584248920CDBD09009B2ACA /* Main.storyboard */ = {
			isa = PBXVariantGroup;
			children = (
				F584248A20CDBD09009B2ACA /* Base */,
			);
			name = Main.storyboard;
			sourceTree = "<group>";
		};
		F584248E20CDBD0A009B2ACA /* LaunchScreen.storyboard */ = {
			isa = PBXVariantGroup;
			children = (
				F584248F20CDBD0A009B2ACA /* Base */,
			);
			name = LaunchScreen.storyboard;
			sourceTree = "<group>";
		};
/* End PBXVariantGroup section */

/* Begin XCBuildConfiguration section */
		F584249D20CDBD0A009B2ACA /* Debug */ = {
			isa = XCBuildConfiguration;
			buildSettings = {
				ALWAYS_SEARCH_USER_PATHS = NO;
				CLANG_ANALYZER_NONNULL = YES;
				CLANG_ANALYZER_NUMBER_OBJECT_CONVERSION = YES_AGGRESSIVE;
				CLANG_CXX_LANGUAGE_STANDARD = "gnu++14";
				CLANG_CXX_LIBRARY = "libc++";
				CLANG_ENABLE_MODULES = YES;
				CLANG_ENABLE_OBJC_ARC = YES;
				CLANG_ENABLE_OBJC_WEAK = YES;
				CLANG_WARN_BLOCK_CAPTURE_AUTORELEASING = YES;
				CLANG_WARN_BOOL_CONVERSION = YES;
				CLANG_WARN_COMMA = YES;
				CLANG_WARN_CONSTANT_CONVERSION = YES;
				CLANG_WARN_DEPRECATED_OBJC_IMPLEMENTATIONS = YES;
				CLANG_WARN_DIRECT_OBJC_ISA_USAGE = YES_ERROR;
				CLANG_WARN_DOCUMENTATION_COMMENTS = YES;
				CLANG_WARN_EMPTY_BODY = YES;
				CLANG_WARN_ENUM_CONVERSION = YES;
				CLANG_WARN_INFINITE_RECURSION = YES;
				CLANG_WARN_INT_CONVERSION = YES;
				CLANG_WARN_NON_LITERAL_NULL_CONVERSION = YES;
				CLANG_WARN_OBJC_IMPLICIT_RETAIN_SELF = YES;
				CLANG_WARN_OBJC_LITERAL_CONVERSION = YES;
				CLANG_WARN_OBJC_ROOT_CLASS = YES_ERROR;
				CLANG_WARN_RANGE_LOOP_ANALYSIS = YES;
				CLANG_WARN_STRICT_PROTOTYPES = YES;
				CLANG_WARN_SUSPICIOUS_MOVE = YES;
				CLANG_WARN_UNGUARDED_AVAILABILITY = YES_AGGRESSIVE;
				CLANG_WARN_UNREACHABLE_CODE = YES;
				CLANG_WARN__DUPLICATE_METHOD_MATCH = YES;
				CODE_SIGN_IDENTITY = "iPhone Developer";
				COPY_PHASE_STRIP = NO;
				DEBUG_INFORMATION_FORMAT = dwarf;
				ENABLE_STRICT_OBJC_MSGSEND = YES;
				ENABLE_TESTABILITY = YES;
				GCC_C_LANGUAGE_STANDARD = gnu11;
				GCC_DYNAMIC_NO_PIC = NO;
				GCC_NO_COMMON_BLOCKS = YES;
				GCC_OPTIMIZATION_LEVEL = 0;
				GCC_PREPROCESSOR_DEFINITIONS = (
					"DEBUG=1",
					"$(inherited)",
				);
				GCC_WARN_64_TO_32_BIT_CONVERSION = YES;
				GCC_WARN_ABOUT_RETURN_TYPE = YES_ERROR;
				GCC_WARN_UNDECLARED_SELECTOR = YES;
				GCC_WARN_UNINITIALIZED_AUTOS = YES_AGGRESSIVE;
				GCC_WARN_UNUSED_FUNCTION = YES;
				GCC_WARN_UNUSED_VARIABLE = YES;
				IPHONEOS_DEPLOYMENT_TARGET = 11.4;
				MTL_ENABLE_DEBUG_INFO = YES;
				ONLY_ACTIVE_ARCH = YES;
				SDKROOT = iphoneos;
				SWIFT_ACTIVE_COMPILATION_CONDITIONS = DEBUG;
				SWIFT_OPTIMIZATION_LEVEL = "-Onone";
			};
			name = Debug;
		};
		F584249E20CDBD0A009B2ACA /* Release */ = {
			isa = XCBuildConfiguration;
			buildSettings = {
				ALWAYS_SEARCH_USER_PATHS = NO;
				CLANG_ANALYZER_NONNULL = YES;
				CLANG_ANALYZER_NUMBER_OBJECT_CONVERSION = YES_AGGRESSIVE;
				CLANG_CXX_LANGUAGE_STANDARD = "gnu++14";
				CLANG_CXX_LIBRARY = "libc++";
				CLANG_ENABLE_MODULES = YES;
				CLANG_ENABLE_OBJC_ARC = YES;
				CLANG_ENABLE_OBJC_WEAK = YES;
				CLANG_WARN_BLOCK_CAPTURE_AUTORELEASING = YES;
				CLANG_WARN_BOOL_CONVERSION = YES;
				CLANG_WARN_COMMA = YES;
				CLANG_WARN_CONSTANT_CONVERSION = YES;
				CLANG_WARN_DEPRECATED_OBJC_IMPLEMENTATIONS = YES;
				CLANG_WARN_DIRECT_OBJC_ISA_USAGE = YES_ERROR;
				CLANG_WARN_DOCUMENTATION_COMMENTS = YES;
				CLANG_WARN_EMPTY_BODY = YES;
				CLANG_WARN_ENUM_CONVERSION = YES;
				CLANG_WARN_INFINITE_RECURSION = YES;
				CLANG_WARN_INT_CONVERSION = YES;
				CLANG_WARN_NON_LITERAL_NULL_CONVERSION = YES;
				CLANG_WARN_OBJC_IMPLICIT_RETAIN_SELF = YES;
				CLANG_WARN_OBJC_LITERAL_CONVERSION = YES;
				CLANG_WARN_OBJC_ROOT_CLASS = YES_ERROR;
				CLANG_WARN_RANGE_LOOP_ANALYSIS = YES;
				CLANG_WARN_STRICT_PROTOTYPES = YES;
				CLANG_WARN_SUSPICIOUS_MOVE = YES;
				CLANG_WARN_UNGUARDED_AVAILABILITY = YES_AGGRESSIVE;
				CLANG_WARN_UNREACHABLE_CODE = YES;
				CLANG_WARN__DUPLICATE_METHOD_MATCH = YES;
				CODE_SIGN_IDENTITY = "iPhone Developer";
				COPY_PHASE_STRIP = NO;
				DEBUG_INFORMATION_FORMAT = "dwarf-with-dsym";
				ENABLE_NS_ASSERTIONS = NO;
				ENABLE_STRICT_OBJC_MSGSEND = YES;
				GCC_C_LANGUAGE_STANDARD = gnu11;
				GCC_NO_COMMON_BLOCKS = YES;
				GCC_WARN_64_TO_32_BIT_CONVERSION = YES;
				GCC_WARN_ABOUT_RETURN_TYPE = YES_ERROR;
				GCC_WARN_UNDECLARED_SELECTOR = YES;
				GCC_WARN_UNINITIALIZED_AUTOS = YES_AGGRESSIVE;
				GCC_WARN_UNUSED_FUNCTION = YES;
				GCC_WARN_UNUSED_VARIABLE = YES;
				IPHONEOS_DEPLOYMENT_TARGET = 11.4;
				MTL_ENABLE_DEBUG_INFO = NO;
				SDKROOT = iphoneos;
				SWIFT_COMPILATION_MODE = wholemodule;
				SWIFT_OPTIMIZATION_LEVEL = "-O";
				VALIDATE_PRODUCT = YES;
			};
			name = Release;
		};
		F58424A020CDBD0A009B2ACA /* Debug */ = {
			isa = XCBuildConfiguration;
			baseConfigurationReference = 214F3CEA1DF7EFF309281A30 /* Pods-BeerFacts.debug.xcconfig */;
			buildSettings = {
				ASSETCATALOG_COMPILER_APPICON_NAME = AppIcon;
				CODE_SIGN_STYLE = Automatic;
				DEVELOPMENT_TEAM = MJLARYDQWH;
				INFOPLIST_FILE = BeerFacts/Info.plist;
				LD_RUNPATH_SEARCH_PATHS = (
					"$(inherited)",
					"@executable_path/Frameworks",
				);
				PRODUCT_BUNDLE_IDENTIFIER = com.example.BeerFacts;
				PRODUCT_NAME = "$(TARGET_NAME)";
				SWIFT_VERSION = 4.0;
				TARGETED_DEVICE_FAMILY = "1,2";
			};
			name = Debug;
		};
		F58424A120CDBD0A009B2ACA /* Release */ = {
			isa = XCBuildConfiguration;
			baseConfigurationReference = 6B26469BB7376675FBF358CE /* Pods-BeerFacts.release.xcconfig */;
			buildSettings = {
				ASSETCATALOG_COMPILER_APPICON_NAME = AppIcon;
				CODE_SIGN_STYLE = Automatic;
				DEVELOPMENT_TEAM = MJLARYDQWH;
				INFOPLIST_FILE = BeerFacts/Info.plist;
				LD_RUNPATH_SEARCH_PATHS = (
					"$(inherited)",
					"@executable_path/Frameworks",
				);
				PRODUCT_BUNDLE_IDENTIFIER = com.example.BeerFacts;
				PRODUCT_NAME = "$(TARGET_NAME)";
				SWIFT_VERSION = 4.0;
				TARGETED_DEVICE_FAMILY = "1,2";
			};
			name = Release;
		};
		F58424A320CDBD0A009B2ACA /* Debug */ = {
			isa = XCBuildConfiguration;
			baseConfigurationReference = 60BCBE659795ACD05003126C /* Pods-BeerFactsTests.debug.xcconfig */;
			buildSettings = {
				ALWAYS_EMBED_SWIFT_STANDARD_LIBRARIES = "$(inherited)";
				BUNDLE_LOADER = "$(TEST_HOST)";
				CODE_SIGN_STYLE = Automatic;
				DEVELOPMENT_TEAM = MJLARYDQWH;
				INFOPLIST_FILE = BeerFactsTests/Info.plist;
				LD_RUNPATH_SEARCH_PATHS = (
					"$(inherited)",
					"@executable_path/Frameworks",
					"@loader_path/Frameworks",
				);
				PRODUCT_BUNDLE_IDENTIFIER = com.example.BeerFactsTests;
				PRODUCT_NAME = "$(TARGET_NAME)";
				SWIFT_VERSION = 4.0;
				TARGETED_DEVICE_FAMILY = "1,2";
				TEST_HOST = "$(BUILT_PRODUCTS_DIR)/BeerFacts.app/BeerFacts";
			};
			name = Debug;
		};
		F58424A420CDBD0A009B2ACA /* Release */ = {
			isa = XCBuildConfiguration;
			baseConfigurationReference = BADA88F5562519FA3CD5DA59 /* Pods-BeerFactsTests.release.xcconfig */;
			buildSettings = {
				ALWAYS_EMBED_SWIFT_STANDARD_LIBRARIES = "$(inherited)";
				BUNDLE_LOADER = "$(TEST_HOST)";
				CODE_SIGN_STYLE = Automatic;
				DEVELOPMENT_TEAM = MJLARYDQWH;
				INFOPLIST_FILE = BeerFactsTests/Info.plist;
				LD_RUNPATH_SEARCH_PATHS = (
					"$(inherited)",
					"@executable_path/Frameworks",
					"@loader_path/Frameworks",
				);
				PRODUCT_BUNDLE_IDENTIFIER = com.example.BeerFactsTests;
				PRODUCT_NAME = "$(TARGET_NAME)";
				SWIFT_VERSION = 4.0;
				TARGETED_DEVICE_FAMILY = "1,2";
				TEST_HOST = "$(BUILT_PRODUCTS_DIR)/BeerFacts.app/BeerFacts";
			};
			name = Release;
		};
/* End XCBuildConfiguration section */

/* Begin XCConfigurationList section */
		F584247D20CDBD09009B2ACA /* Build configuration list for PBXProject "BeerFacts" */ = {
			isa = XCConfigurationList;
			buildConfigurations = (
				F584249D20CDBD0A009B2ACA /* Debug */,
				F584249E20CDBD0A009B2ACA /* Release */,
			);
			defaultConfigurationIsVisible = 0;
			defaultConfigurationName = Release;
		};
		F584249F20CDBD0A009B2ACA /* Build configuration list for PBXNativeTarget "BeerFacts" */ = {
			isa = XCConfigurationList;
			buildConfigurations = (
				F58424A020CDBD0A009B2ACA /* Debug */,
				F58424A120CDBD0A009B2ACA /* Release */,
			);
			defaultConfigurationIsVisible = 0;
			defaultConfigurationName = Release;
		};
		F58424A220CDBD0A009B2ACA /* Build configuration list for PBXNativeTarget "BeerFactsTests" */ = {
			isa = XCConfigurationList;
			buildConfigurations = (
				F58424A320CDBD0A009B2ACA /* Debug */,
				F58424A420CDBD0A009B2ACA /* Release */,
			);
			defaultConfigurationIsVisible = 0;
			defaultConfigurationName = Release;
		};
/* End XCConfigurationList section */
	};
	rootObject = F584247A20CDBD09009B2ACA /* Project object */;
}
